<?xml version="1.0" encoding="utf-8"?>
<Project ToolsVersion="4.0" xmlns="http://schemas.microsoft.com/developer/msbuild/2003">
  <ItemGroup>
    <ClCompile Include="pch.cpp" />
    <ClCompile Include="Basic.cpp">
      <Filter>src</Filter>
    </ClCompile>
    <ClCompile Include="FixedGrid.hpp">
      <Filter>src\Container</Filter>
    </ClCompile>
    <ClCompile Include="BasicPoint.cpp">
      <Filter>src\Utility</Filter>
    </ClCompile>
  </ItemGroup>
  <ItemGroup>
    <ClInclude Include="pch.h" />
  </ItemGroup>
  <ItemGroup>
    <Filter Include="src">
      <UniqueIdentifier>{863b46c2-b318-414a-a47f-c13d0fedcb43}</UniqueIdentifier>
    </Filter>
    <Filter Include="src\Container">
      <UniqueIdentifier>{dbd5d340-80f3-4df7-93eb-5791590ee618}</UniqueIdentifier>
    </Filter>
    <Filter Include="src\Utility">
      <UniqueIdentifier>{514f1642-73db-44f4-bad8-209f95a0cf54}</UniqueIdentifier>
    </Filter>
  </ItemGroup>
  <ItemGroup>
    <None Include="packages.config" />
    <None Include="cpp.hint" />
  </ItemGroup>
</Project>